
Microsoft Visual Studio Solution File, Format Version 12.00
# Visual Studio Version 17
VisualStudioVersion = 17.11.35219.272
MinimumVisualStudioVersion = 10.0.40219.1
Project("{FAE04EC0-301F-11D3-BF4B-00C04F79EFBC}") = "AppAPI", "AppAPI\AppAPI.csproj", "{3B3DB059-414E-425C-8591-7245A031E51F}"
EndProject
Project("{FAE04EC0-301F-11D3-BF4B-00C04F79EFBC}") = "AppView", "AppView\AppView.csproj", "{AF775955-7815-4694-A888-852F69F06919}"
EndProject
Project("{FAE04EC0-301F-11D3-BF4B-00C04F79EFBC}") = "AppData", "AppData\AppData.csproj", "{AC13B611-F4D1-4267-97A0-88702C9A6D48}"
EndProject
Global
	GlobalSection(SolutionConfigurationPlatforms) = preSolution
		Debug|Any CPU = Debug|Any CPU
		Release|Any CPU = Release|Any CPU
	EndGlobalSection
	GlobalSection(ProjectConfigurationPlatforms) = postSolution
		{3B3DB059-414E-425C-8591-7245A031E51F}.Debug|Any CPU.ActiveCfg = Debug|Any CPU
		{3B3DB059-414E-425C-8591-7245A031E51F}.Debug|Any CPU.Build.0 = Debug|Any CPU
		{3B3DB059-414E-425C-8591-7245A031E51F}.Release|Any CPU.ActiveCfg = Release|Any CPU
		{3B3DB059-414E-425C-8591-7245A031E51F}.Release|Any CPU.Build.0 = Release|Any CPU
		{AF775955-7815-4694-A888-852F69F06919}.Debug|Any CPU.ActiveCfg = Debug|Any CPU
		{AF775955-7815-4694-A888-852F69F06919}.Debug|Any CPU.Build.0 = Debug|Any CPU
		{AF775955-7815-4694-A888-852F69F06919}.Release|Any CPU.ActiveCfg = Release|Any CPU
		{AF775955-7815-4694-A888-852F69F06919}.Release|Any CPU.Build.0 = Release|Any CPU
		{AC13B611-F4D1-4267-97A0-88702C9A6D48}.Debug|Any CPU.ActiveCfg = Debug|Any CPU
		{AC13B611-F4D1-4267-97A0-88702C9A6D48}.Debug|Any CPU.Build.0 = Debug|Any CPU
		{AC13B611-F4D1-4267-97A0-88702C9A6D48}.Release|Any CPU.ActiveCfg = Release|Any CPU
		{AC13B611-F4D1-4267-97A0-88702C9A6D48}.Release|Any CPU.Build.0 = Release|Any CPU
	EndGlobalSection
	GlobalSection(SolutionProperties) = preSolution
		HideSolutionNode = FALSE
	EndGlobalSection
	GlobalSection(ExtensibilityGlobals) = postSolution
		SolutionGuid = {FA6FD04E-0572-49BB-A3D0-851059DBAC00}
	EndGlobalSection
EndGlobal
